
Microsoft Visual Studio Solution File, Format Version 12.00
# Visual Studio 15
Project("{FAE04EC0-301F-11D3-BF4B-00C04F79EFBC}") = "Assembly-CSharp", "Assembly-CSharp.csproj", "{9E24B5B2-E07E-28B1-1A2B-26F06C671B59}"
EndProject
Project("{FAE04EC0-301F-11D3-BF4B-00C04F79EFBC}") = "Assembly-CSharp-Editor", "Assembly-CSharp-Editor.csproj", "{10A669C3-D8CB-CDDF-873B-1B258AA999FF}"
EndProject
Global
	GlobalSection(SolutionConfigurationPlatforms) = preSolution
		Debug|Any CPU = Debug|Any CPU
		Release|Any CPU = Release|Any CPU
	EndGlobalSection
	GlobalSection(ProjectConfigurationPlatforms) = postSolution
		{9E24B5B2-E07E-28B1-1A2B-26F06C671B59}.Debug|Any CPU.ActiveCfg = Debug|Any CPU
		{9E24B5B2-E07E-28B1-1A2B-26F06C671B59}.Debug|Any CPU.Build.0 = Debug|Any CPU
		{9E24B5B2-E07E-28B1-1A2B-26F06C671B59}.Release|Any CPU.ActiveCfg = Release|Any CPU
		{9E24B5B2-E07E-28B1-1A2B-26F06C671B59}.Release|Any CPU.Build.0 = Release|Any CPU
		{10A669C3-D8CB-CDDF-873B-1B258AA999FF}.Debug|Any CPU.ActiveCfg = Debug|Any CPU
		{10A669C3-D8CB-CDDF-873B-1B258AA999FF}.Debug|Any CPU.Build.0 = Debug|Any CPU
		{10A669C3-D8CB-CDDF-873B-1B258AA999FF}.Release|Any CPU.ActiveCfg = Release|Any CPU
		{10A669C3-D8CB-CDDF-873B-1B258AA999FF}.Release|Any CPU.Build.0 = Release|Any CPU
	EndGlobalSection
	GlobalSection(SolutionProperties) = preSolution
		HideSolutionNode = FALSE
	EndGlobalSection
	GlobalSection(MonoDevelopProperties) = preSolution
		StartupItem = Assembly-CSharp.csproj
	EndGlobalSection
EndGlobal
